
Microsoft Visual Studio Solution File, Format Version 12.00
# Visual Studio Version 16
VisualStudioVersion = 16.0.32002.261
MinimumVisualStudioVersion = 10.0.40219.1
Project("{FAE04EC0-301F-11D3-BF4B-00C04F79EFBC}") = "SecondTask", "SecondTask.csproj", "{515BA922-941A-4488-87D8-994C4BD7A98C}"
EndProject
Global
	GlobalSection(SolutionConfigurationPlatforms) = preSolution
		Debug|Any CPU = Debug|Any CPU
		Release|Any CPU = Release|Any CPU
	EndGlobalSection
	GlobalSection(ProjectConfigurationPlatforms) = postSolution
		{515BA922-941A-4488-87D8-994C4BD7A98C}.Debug|Any CPU.ActiveCfg = Debug|Any CPU
		{515BA922-941A-4488-87D8-994C4BD7A98C}.Debug|Any CPU.Build.0 = Debug|Any CPU
		{515BA922-941A-4488-87D8-994C4BD7A98C}.Release|Any CPU.ActiveCfg = Release|Any CPU
		{515BA922-941A-4488-87D8-994C4BD7A98C}.Release|Any CPU.Build.0 = Release|Any CPU
	EndGlobalSection
	GlobalSection(SolutionProperties) = preSolution
		HideSolutionNode = FALSE
	EndGlobalSection
	GlobalSection(ExtensibilityGlobals) = postSolution
		SolutionGuid = {A2F6B318-E064-4728-9338-FB155D9A5BD5}
	EndGlobalSection
EndGlobal
